// !$*UTF8*$!
{
	archiveVersion = 1;
	classes = {
	};
	objectVersion = 56;
	objects = {

/* Begin PBXBuildFile section */
		2639DF072A79B103000545BD /* Alamofire in Frameworks */ = {isa = PBXBuildFile; productRef = 2639DF062A79B103000545BD /* Alamofire */; };
		2639DF0A2A79B149000545BD /* XMLCoder in Frameworks */ = {isa = PBXBuildFile; productRef = 2639DF092A79B149000545BD /* XMLCoder */; };
		26586B7C2A770C8B00853FFD /* Inter-Bold.otf in Resources */ = {isa = PBXBuildFile; fileRef = 26586B782A770C8B00853FFD /* Inter-Bold.otf */; };
		26586B7D2A770C8B00853FFD /* Inter-Regular.otf in Resources */ = {isa = PBXBuildFile; fileRef = 26586B792A770C8B00853FFD /* Inter-Regular.otf */; };
		26586B7E2A770C8B00853FFD /* Inter-Medium.otf in Resources */ = {isa = PBXBuildFile; fileRef = 26586B7A2A770C8B00853FFD /* Inter-Medium.otf */; };
		26586B7F2A770C8B00853FFD /* Inter-SemiBold.otf in Resources */ = {isa = PBXBuildFile; fileRef = 26586B7B2A770C8B00853FFD /* Inter-SemiBold.otf */; };
		26586B832A771D4B00853FFD /* Constants.swift in Sources */ = {isa = PBXBuildFile; fileRef = 26586B822A771D4B00853FFD /* Constants.swift */; };
		266DCA2D2A79B2D200118C05 /* Request.swift in Sources */ = {isa = PBXBuildFile; fileRef = 266DCA2C2A79B2D200118C05 /* Request.swift */; };
		266DCA2F2A79B3CB00118C05 /* WeatherTodayRequest.swift in Sources */ = {isa = PBXBuildFile; fileRef = 266DCA2E2A79B3CB00118C05 /* WeatherTodayRequest.swift */; };
		266DCA322A79BADB00118C05 /* PlistReader.swift in Sources */ = {isa = PBXBuildFile; fileRef = 266DCA312A79BADB00118C05 /* PlistReader.swift */; };
		266DCA342A7A7FD900118C05 /* WeatherTodayViewData.swift in Sources */ = {isa = PBXBuildFile; fileRef = 266DCA332A7A7FD900118C05 /* WeatherTodayViewData.swift */; };
		2697F19E2A799E0400B8B7FA /* WeatherTodayModel.swift in Sources */ = {isa = PBXBuildFile; fileRef = 2697F19D2A799E0400B8B7FA /* WeatherTodayModel.swift */; };
		2697F1A22A799EFD00B8B7FA /* WeatherTodayView.swift in Sources */ = {isa = PBXBuildFile; fileRef = 2697F1A12A799EFD00B8B7FA /* WeatherTodayView.swift */; };
		26B51E082A785F2B00835484 /* CornerRoundedButton.swift in Sources */ = {isa = PBXBuildFile; fileRef = 26B51E072A785F2B00835484 /* CornerRoundedButton.swift */; };
		26B51E0A2A78F82500835484 /* ServiceError.swift in Sources */ = {isa = PBXBuildFile; fileRef = 26B51E092A78F82500835484 /* ServiceError.swift */; };
		26B51E0D2A78F8F300835484 /* NetworkService.swift in Sources */ = {isa = PBXBuildFile; fileRef = 26B51E0C2A78F8F300835484 /* NetworkService.swift */; };
		26B51E0F2A7920C100835484 /* ReloadButton.swift in Sources */ = {isa = PBXBuildFile; fileRef = 26B51E0E2A7920C100835484 /* ReloadButton.swift */; };
		26C3F4212A76E1510082F068 /* ForecastApp.swift in Sources */ = {isa = PBXBuildFile; fileRef = 26C3F4202A76E1510082F068 /* ForecastApp.swift */; };
		26C3F4232A76E1510082F068 /* WeatherTodayContentView.swift in Sources */ = {isa = PBXBuildFile; fileRef = 26C3F4222A76E1510082F068 /* WeatherTodayContentView.swift */; };
		26C3F4252A76E1530082F068 /* Images.xcassets in Resources */ = {isa = PBXBuildFile; fileRef = 26C3F4242A76E1530082F068 /* Images.xcassets */; };
		26C3F4282A76E1530082F068 /* Preview Assets.xcassets in Resources */ = {isa = PBXBuildFile; fileRef = 26C3F4272A76E1530082F068 /* Preview Assets.xcassets */; };
		26C3F4352A76E79D0082F068 /* LocationService.swift in Sources */ = {isa = PBXBuildFile; fileRef = 26C3F4342A76E79D0082F068 /* LocationService.swift */; };
		26C3F43A2A76E89B0082F068 /* WeatherTodayViewModel.swift in Sources */ = {isa = PBXBuildFile; fileRef = 26C3F4392A76E89B0082F068 /* WeatherTodayViewModel.swift */; };
		26C5B41A2A7D08C300DB4EF9 /* ForecastTableViewCell.swift in Sources */ = {isa = PBXBuildFile; fileRef = 26C5B4182A7D08C300DB4EF9 /* ForecastTableViewCell.swift */; };
		26C5B41B2A7D08C300DB4EF9 /* ForecastTableViewCell.xib in Resources */ = {isa = PBXBuildFile; fileRef = 26C5B4192A7D08C300DB4EF9 /* ForecastTableViewCell.xib */; };
		26C5B41E2A7D189A00DB4EF9 /* DateManager.swift in Sources */ = {isa = PBXBuildFile; fileRef = 26C5B41D2A7D189A00DB4EF9 /* DateManager.swift */; };
		26D658012A77CDB000346A1F /* MainView.swift in Sources */ = {isa = PBXBuildFile; fileRef = 26D658002A77CDB000346A1F /* MainView.swift */; };
		26D658032A77E63400346A1F /* AppStateView.swift in Sources */ = {isa = PBXBuildFile; fileRef = 26D658022A77E63400346A1F /* AppStateView.swift */; };
		26D658062A77E73D00346A1F /* Factory.swift in Sources */ = {isa = PBXBuildFile; fileRef = 26D658052A77E73D00346A1F /* Factory.swift */; };
		26D658082A77E77400346A1F /* WeatherTodayContentViewFactory.swift in Sources */ = {isa = PBXBuildFile; fileRef = 26D658072A77E77400346A1F /* WeatherTodayContentViewFactory.swift */; };
		26DFDCE02A7BDB9300725FAF /* ForecastView.swift in Sources */ = {isa = PBXBuildFile; fileRef = 26DFDCDF2A7BDB9300725FAF /* ForecastView.swift */; };
		26DFDCE32A7BDC3200725FAF /* ForecastViewController.swift in Sources */ = {isa = PBXBuildFile; fileRef = 26DFDCE22A7BDC3200725FAF /* ForecastViewController.swift */; };
		26DFDCE62A7BDD4C00725FAF /* Forecast.storyboard in Resources */ = {isa = PBXBuildFile; fileRef = 26DFDCE52A7BDD4C00725FAF /* Forecast.storyboard */; };
		26DFDCE82A7BE0BD00725FAF /* ForecastViewControllerFactory.swift in Sources */ = {isa = PBXBuildFile; fileRef = 26DFDCE72A7BE0BD00725FAF /* ForecastViewControllerFactory.swift */; };
		26DFDCEB2A7C0F2E00725FAF /* ForecastDataModel.swift in Sources */ = {isa = PBXBuildFile; fileRef = 26DFDCEA2A7C0F2E00725FAF /* ForecastDataModel.swift */; };
		26DFDCED2A7C1CE700725FAF /* ForecastRequest.swift in Sources */ = {isa = PBXBuildFile; fileRef = 26DFDCEC2A7C1CE700725FAF /* ForecastRequest.swift */; };
		26DFDCF02A7C1D6400725FAF /* ForecastViewModel.swift in Sources */ = {isa = PBXBuildFile; fileRef = 26DFDCEF2A7C1D6400725FAF /* ForecastViewModel.swift */; };
		26DFDCF22A7C41D700725FAF /* ForecastViewData.swift in Sources */ = {isa = PBXBuildFile; fileRef = 26DFDCF12A7C41D700725FAF /* ForecastViewData.swift */; };
		26E3B0872A7D2F9A00B96F99 /* ForecastSectionHeaderView.swift in Sources */ = {isa = PBXBuildFile; fileRef = 26E3B0862A7D2F9A00B96F99 /* ForecastSectionHeaderView.swift */; };
		26E3B0892A7D2FFF00B96F99 /* ForecastSectionHeaderView.xib in Resources */ = {isa = PBXBuildFile; fileRef = 26E3B0882A7D2FFF00B96F99 /* ForecastSectionHeaderView.xib */; };
		26E3B08C2A7D537200B96F99 /* ViewModel.swift in Sources */ = {isa = PBXBuildFile; fileRef = 26E3B08B2A7D537200B96F99 /* ViewModel.swift */; };
		26E3B08F2A7DE0FE00B96F99 /* TabBarVisibilityModifier.swift in Sources */ = {isa = PBXBuildFile; fileRef = 26E3B08E2A7DE0FE00B96F99 /* TabBarVisibilityModifier.swift */; };
		26E4A2512A7AD43D00EFBA7C /* WeatherDetailView.swift in Sources */ = {isa = PBXBuildFile; fileRef = 26E4A2502A7AD43D00EFBA7C /* WeatherDetailView.swift */; };
		26E4A2552A7B840D00EFBA7C /* WeatherDetailContainerView.swift in Sources */ = {isa = PBXBuildFile; fileRef = 26E4A2542A7B840D00EFBA7C /* WeatherDetailContainerView.swift */; };
/* End PBXBuildFile section */

/* Begin PBXFileReference section */
		26586B782A770C8B00853FFD /* Inter-Bold.otf */ = {isa = PBXFileReference; lastKnownFileType = file; path = "Inter-Bold.otf"; sourceTree = "<group>"; };
		26586B792A770C8B00853FFD /* Inter-Regular.otf */ = {isa = PBXFileReference; lastKnownFileType = file; path = "Inter-Regular.otf"; sourceTree = "<group>"; };
		26586B7A2A770C8B00853FFD /* Inter-Medium.otf */ = {isa = PBXFileReference; lastKnownFileType = file; path = "Inter-Medium.otf"; sourceTree = "<group>"; };
		26586B7B2A770C8B00853FFD /* Inter-SemiBold.otf */ = {isa = PBXFileReference; lastKnownFileType = file; path = "Inter-SemiBold.otf"; sourceTree = "<group>"; };
		26586B802A770CD200853FFD /* Info.plist */ = {isa = PBXFileReference; lastKnownFileType = text.plist.xml; path = Info.plist; sourceTree = "<group>"; };
		26586B822A771D4B00853FFD /* Constants.swift */ = {isa = PBXFileReference; lastKnownFileType = sourcecode.swift; path = Constants.swift; sourceTree = "<group>"; };
		266DCA2C2A79B2D200118C05 /* Request.swift */ = {isa = PBXFileReference; lastKnownFileType = sourcecode.swift; path = Request.swift; sourceTree = "<group>"; };
		266DCA2E2A79B3CB00118C05 /* WeatherTodayRequest.swift */ = {isa = PBXFileReference; lastKnownFileType = sourcecode.swift; path = WeatherTodayRequest.swift; sourceTree = "<group>"; };
		266DCA312A79BADB00118C05 /* PlistReader.swift */ = {isa = PBXFileReference; lastKnownFileType = sourcecode.swift; path = PlistReader.swift; sourceTree = "<group>"; };
		266DCA332A7A7FD900118C05 /* WeatherTodayViewData.swift */ = {isa = PBXFileReference; lastKnownFileType = sourcecode.swift; path = WeatherTodayViewData.swift; sourceTree = "<group>"; };
		2697F19D2A799E0400B8B7FA /* WeatherTodayModel.swift */ = {isa = PBXFileReference; lastKnownFileType = sourcecode.swift; path = WeatherTodayModel.swift; sourceTree = "<group>"; };
		2697F1A12A799EFD00B8B7FA /* WeatherTodayView.swift */ = {isa = PBXFileReference; lastKnownFileType = sourcecode.swift; path = WeatherTodayView.swift; sourceTree = "<group>"; };
		26B51E072A785F2B00835484 /* CornerRoundedButton.swift */ = {isa = PBXFileReference; lastKnownFileType = sourcecode.swift; path = CornerRoundedButton.swift; sourceTree = "<group>"; };
		26B51E092A78F82500835484 /* ServiceError.swift */ = {isa = PBXFileReference; lastKnownFileType = sourcecode.swift; path = ServiceError.swift; sourceTree = "<group>"; };
		26B51E0C2A78F8F300835484 /* NetworkService.swift */ = {isa = PBXFileReference; lastKnownFileType = sourcecode.swift; path = NetworkService.swift; sourceTree = "<group>"; };
		26B51E0E2A7920C100835484 /* ReloadButton.swift */ = {isa = PBXFileReference; lastKnownFileType = sourcecode.swift; path = ReloadButton.swift; sourceTree = "<group>"; };
		26C3F41D2A76E1510082F068 /* Forecast.app */ = {isa = PBXFileReference; explicitFileType = wrapper.application; includeInIndex = 0; path = Forecast.app; sourceTree = BUILT_PRODUCTS_DIR; };
		26C3F4202A76E1510082F068 /* ForecastApp.swift */ = {isa = PBXFileReference; lastKnownFileType = sourcecode.swift; path = ForecastApp.swift; sourceTree = "<group>"; };
		26C3F4222A76E1510082F068 /* WeatherTodayContentView.swift */ = {isa = PBXFileReference; lastKnownFileType = sourcecode.swift; path = WeatherTodayContentView.swift; sourceTree = "<group>"; };
		26C3F4242A76E1530082F068 /* Images.xcassets */ = {isa = PBXFileReference; lastKnownFileType = folder.assetcatalog; path = Images.xcassets; sourceTree = "<group>"; };
		26C3F4272A76E1530082F068 /* Preview Assets.xcassets */ = {isa = PBXFileReference; lastKnownFileType = folder.assetcatalog; path = "Preview Assets.xcassets"; sourceTree = "<group>"; };
		26C3F4342A76E79D0082F068 /* LocationService.swift */ = {isa = PBXFileReference; lastKnownFileType = sourcecode.swift; path = LocationService.swift; sourceTree = "<group>"; };
		26C3F4392A76E89B0082F068 /* WeatherTodayViewModel.swift */ = {isa = PBXFileReference; lastKnownFileType = sourcecode.swift; path = WeatherTodayViewModel.swift; sourceTree = "<group>"; };
		26C5B4182A7D08C300DB4EF9 /* ForecastTableViewCell.swift */ = {isa = PBXFileReference; lastKnownFileType = sourcecode.swift; path = ForecastTableViewCell.swift; sourceTree = "<group>"; };
		26C5B4192A7D08C300DB4EF9 /* ForecastTableViewCell.xib */ = {isa = PBXFileReference; lastKnownFileType = file.xib; path = ForecastTableViewCell.xib; sourceTree = "<group>"; };
		26C5B41D2A7D189A00DB4EF9 /* DateManager.swift */ = {isa = PBXFileReference; lastKnownFileType = sourcecode.swift; path = DateManager.swift; sourceTree = "<group>"; };
		26D658002A77CDB000346A1F /* MainView.swift */ = {isa = PBXFileReference; lastKnownFileType = sourcecode.swift; path = MainView.swift; sourceTree = "<group>"; };
		26D658022A77E63400346A1F /* AppStateView.swift */ = {isa = PBXFileReference; lastKnownFileType = sourcecode.swift; path = AppStateView.swift; sourceTree = "<group>"; };
		26D658052A77E73D00346A1F /* Factory.swift */ = {isa = PBXFileReference; lastKnownFileType = sourcecode.swift; path = Factory.swift; sourceTree = "<group>"; };
		26D658072A77E77400346A1F /* WeatherTodayContentViewFactory.swift */ = {isa = PBXFileReference; lastKnownFileType = sourcecode.swift; path = WeatherTodayContentViewFactory.swift; sourceTree = "<group>"; };
		26DFDCDF2A7BDB9300725FAF /* ForecastView.swift */ = {isa = PBXFileReference; lastKnownFileType = sourcecode.swift; path = ForecastView.swift; sourceTree = "<group>"; };
		26DFDCE22A7BDC3200725FAF /* ForecastViewController.swift */ = {isa = PBXFileReference; lastKnownFileType = sourcecode.swift; path = ForecastViewController.swift; sourceTree = "<group>"; };
		26DFDCE52A7BDD4C00725FAF /* Forecast.storyboard */ = {isa = PBXFileReference; lastKnownFileType = file.storyboard; path = Forecast.storyboard; sourceTree = "<group>"; };
		26DFDCE72A7BE0BD00725FAF /* ForecastViewControllerFactory.swift */ = {isa = PBXFileReference; lastKnownFileType = sourcecode.swift; path = ForecastViewControllerFactory.swift; sourceTree = "<group>"; };
		26DFDCEA2A7C0F2E00725FAF /* ForecastDataModel.swift */ = {isa = PBXFileReference; lastKnownFileType = sourcecode.swift; path = ForecastDataModel.swift; sourceTree = "<group>"; };
		26DFDCEC2A7C1CE700725FAF /* ForecastRequest.swift */ = {isa = PBXFileReference; lastKnownFileType = sourcecode.swift; path = ForecastRequest.swift; sourceTree = "<group>"; };
		26DFDCEF2A7C1D6400725FAF /* ForecastViewModel.swift */ = {isa = PBXFileReference; lastKnownFileType = sourcecode.swift; path = ForecastViewModel.swift; sourceTree = "<group>"; };
		26DFDCF12A7C41D700725FAF /* ForecastViewData.swift */ = {isa = PBXFileReference; lastKnownFileType = sourcecode.swift; path = ForecastViewData.swift; sourceTree = "<group>"; };
		26E3B0862A7D2F9A00B96F99 /* ForecastSectionHeaderView.swift */ = {isa = PBXFileReference; lastKnownFileType = sourcecode.swift; path = ForecastSectionHeaderView.swift; sourceTree = "<group>"; };
		26E3B0882A7D2FFF00B96F99 /* ForecastSectionHeaderView.xib */ = {isa = PBXFileReference; lastKnownFileType = file.xib; path = ForecastSectionHeaderView.xib; sourceTree = "<group>"; };
		26E3B08B2A7D537200B96F99 /* ViewModel.swift */ = {isa = PBXFileReference; lastKnownFileType = sourcecode.swift; path = ViewModel.swift; sourceTree = "<group>"; };
		26E3B08E2A7DE0FE00B96F99 /* TabBarVisibilityModifier.swift */ = {isa = PBXFileReference; lastKnownFileType = sourcecode.swift; path = TabBarVisibilityModifier.swift; sourceTree = "<group>"; };
		26E4A2502A7AD43D00EFBA7C /* WeatherDetailView.swift */ = {isa = PBXFileReference; lastKnownFileType = sourcecode.swift; path = WeatherDetailView.swift; sourceTree = "<group>"; };
		26E4A2542A7B840D00EFBA7C /* WeatherDetailContainerView.swift */ = {isa = PBXFileReference; lastKnownFileType = sourcecode.swift; path = WeatherDetailContainerView.swift; sourceTree = "<group>"; };
/* End PBXFileReference section */

/* Begin PBXFrameworksBuildPhase section */
		26C3F41A2A76E1510082F068 /* Frameworks */ = {
			isa = PBXFrameworksBuildPhase;
			buildActionMask = 2147483647;
			files = (
				2639DF0A2A79B149000545BD /* XMLCoder in Frameworks */,
				2639DF072A79B103000545BD /* Alamofire in Frameworks */,
			);
			runOnlyForDeploymentPostprocessing = 0;
		};
/* End PBXFrameworksBuildPhase section */

/* Begin PBXGroup section */
		26586B772A770C8B00853FFD /* Fonts */ = {
			isa = PBXGroup;
			children = (
				26586B782A770C8B00853FFD /* Inter-Bold.otf */,
				26586B792A770C8B00853FFD /* Inter-Regular.otf */,
				26586B7A2A770C8B00853FFD /* Inter-Medium.otf */,
				26586B7B2A770C8B00853FFD /* Inter-SemiBold.otf */,
			);
			path = Fonts;
			sourceTree = "<group>";
		};
		26586B812A771D2C00853FFD /* Constants */ = {
			isa = PBXGroup;
			children = (
				26586B822A771D4B00853FFD /* Constants.swift */,
			);
			path = Constants;
			sourceTree = "<group>";
		};
		266DCA2B2A79B2B800118C05 /* DataRequest */ = {
			isa = PBXGroup;
			children = (
				266DCA2C2A79B2D200118C05 /* Request.swift */,
				266DCA2E2A79B3CB00118C05 /* WeatherTodayRequest.swift */,
				26DFDCEC2A7C1CE700725FAF /* ForecastRequest.swift */,
			);
			path = DataRequest;
			sourceTree = "<group>";
		};
		266DCA302A79BA4800118C05 /* Utilities */ = {
			isa = PBXGroup;
			children = (
				266DCA312A79BADB00118C05 /* PlistReader.swift */,
				26E3B08E2A7DE0FE00B96F99 /* TabBarVisibilityModifier.swift */,
			);
			path = Utilities;
			sourceTree = "<group>";
		};
		2697F19C2A799DD400B8B7FA /* Models */ = {
			isa = PBXGroup;
			children = (
				2697F19D2A799E0400B8B7FA /* WeatherTodayModel.swift */,
			);
			path = Models;
			sourceTree = "<group>";
		};
		26B51E062A785EF900835484 /* ReusableViews */ = {
			isa = PBXGroup;
			children = (
				26B51E072A785F2B00835484 /* CornerRoundedButton.swift */,
				26B51E0E2A7920C100835484 /* ReloadButton.swift */,
			);
			path = ReusableViews;
			sourceTree = "<group>";
		};
		26B51E0B2A78F86800835484 /* NetworkService */ = {
			isa = PBXGroup;
			children = (
				266DCA2B2A79B2B800118C05 /* DataRequest */,
				26B51E0C2A78F8F300835484 /* NetworkService.swift */,
			);
			path = NetworkService;
			sourceTree = "<group>";
		};
		26C3F4142A76E1510082F068 = {
			isa = PBXGroup;
			children = (
				26C3F41F2A76E1510082F068 /* Forecast */,
				26C3F41E2A76E1510082F068 /* Products */,
			);
			sourceTree = "<group>";
		};
		26C3F41E2A76E1510082F068 /* Products */ = {
			isa = PBXGroup;
			children = (
				26C3F41D2A76E1510082F068 /* Forecast.app */,
			);
			name = Products;
			sourceTree = "<group>";
		};
		26C3F41F2A76E1510082F068 /* Forecast */ = {
			isa = PBXGroup;
			children = (
				26C3F42E2A76E51C0082F068 /* SupportingFiles */,
				26C3F42F2A76E5540082F068 /* App */,
				26D658042A77E72800346A1F /* ViewFactories */,
				26E3B08A2A7D535500B96F99 /* Protocols */,
				26D6580B2A77F4C100346A1F /* Views */,
				26C3F4302A76E5BF0082F068 /* WeatherToday */,
				26DFDCDE2A7BDB6F00725FAF /* Forecast */,
				26C3F4332A76E6330082F068 /* Services */,
				26C5B41C2A7D188100DB4EF9 /* Managers */,
				26586B812A771D2C00853FFD /* Constants */,
				26E3B08D2A7DDFC300B96F99 /* Extensions */,
				266DCA302A79BA4800118C05 /* Utilities */,
				26586B772A770C8B00853FFD /* Fonts */,
				26C3F4262A76E1530082F068 /* Preview Content */,
			);
			path = Forecast;
			sourceTree = "<group>";
		};
		26C3F4262A76E1530082F068 /* Preview Content */ = {
			isa = PBXGroup;
			children = (
				26C3F4272A76E1530082F068 /* Preview Assets.xcassets */,
			);
			path = "Preview Content";
			sourceTree = "<group>";
		};
		26C3F42E2A76E51C0082F068 /* SupportingFiles */ = {
			isa = PBXGroup;
			children = (
				26586B802A770CD200853FFD /* Info.plist */,
				26C3F4242A76E1530082F068 /* Images.xcassets */,
			);
			path = SupportingFiles;
			sourceTree = "<group>";
		};
		26C3F42F2A76E5540082F068 /* App */ = {
			isa = PBXGroup;
			children = (
				26C3F4202A76E1510082F068 /* ForecastApp.swift */,
			);
			path = App;
			sourceTree = "<group>";
		};
		26C3F4302A76E5BF0082F068 /* WeatherToday */ = {
			isa = PBXGroup;
			children = (
				2697F19C2A799DD400B8B7FA /* Models */,
				26C3F4312A76E5DD0082F068 /* Views */,
				26C3F4322A76E5ED0082F068 /* ViewModels */,
			);
			path = WeatherToday;
			sourceTree = "<group>";
		};
		26C3F4312A76E5DD0082F068 /* Views */ = {
			isa = PBXGroup;
			children = (
				26C3F4222A76E1510082F068 /* WeatherTodayContentView.swift */,
				2697F1A12A799EFD00B8B7FA /* WeatherTodayView.swift */,
				26E4A2542A7B840D00EFBA7C /* WeatherDetailContainerView.swift */,
				26E4A2502A7AD43D00EFBA7C /* WeatherDetailView.swift */,
			);
			path = Views;
			sourceTree = "<group>";
		};
		26C3F4322A76E5ED0082F068 /* ViewModels */ = {
			isa = PBXGroup;
			children = (
				26C3F4392A76E89B0082F068 /* WeatherTodayViewModel.swift */,
				266DCA332A7A7FD900118C05 /* WeatherTodayViewData.swift */,
			);
			path = ViewModels;
			sourceTree = "<group>";
		};
		26C3F4332A76E6330082F068 /* Services */ = {
			isa = PBXGroup;
			children = (
				26C3F4362A76E7FB0082F068 /* LocationService */,
				26B51E0B2A78F86800835484 /* NetworkService */,
				26B51E092A78F82500835484 /* ServiceError.swift */,
			);
			path = Services;
			sourceTree = "<group>";
		};
		26C3F4362A76E7FB0082F068 /* LocationService */ = {
			isa = PBXGroup;
			children = (
				26C3F4342A76E79D0082F068 /* LocationService.swift */,
			);
			path = LocationService;
			sourceTree = "<group>";
		};
		26C5B4172A7D089B00DB4EF9 /* Views */ = {
			isa = PBXGroup;
			children = (
				26E3B0842A7D2EFB00B96F99 /* UICollectionViewCells */,
				26E3B0852A7D2F1900B96F99 /* UITableViewHeaderFooterView */,
			);
			path = Views;
			sourceTree = "<group>";
		};
		26C5B41C2A7D188100DB4EF9 /* Managers */ = {
			isa = PBXGroup;
			children = (
				26C5B41D2A7D189A00DB4EF9 /* DateManager.swift */,
			);
			path = Managers;
			sourceTree = "<group>";
		};
		26D658042A77E72800346A1F /* ViewFactories */ = {
			isa = PBXGroup;
			children = (
				26D658052A77E73D00346A1F /* Factory.swift */,
				26D658072A77E77400346A1F /* WeatherTodayContentViewFactory.swift */,
				26DFDCE72A7BE0BD00725FAF /* ForecastViewControllerFactory.swift */,
			);
			path = ViewFactories;
			sourceTree = "<group>";
		};
		26D6580B2A77F4C100346A1F /* Views */ = {
			isa = PBXGroup;
			children = (
				26B51E062A785EF900835484 /* ReusableViews */,
				26D658002A77CDB000346A1F /* MainView.swift */,
				26D658022A77E63400346A1F /* AppStateView.swift */,
			);
			path = Views;
			sourceTree = "<group>";
		};
		26DFDCDE2A7BDB6F00725FAF /* Forecast */ = {
			isa = PBXGroup;
			children = (
				26DFDCE92A7C0F1B00725FAF /* Models */,
				26DFDCDF2A7BDB9300725FAF /* ForecastView.swift */,
				26DFDCE42A7BDD2300725FAF /* Storyboards */,
				26DFDCE12A7BDC1500725FAF /* ViewControllers */,
				26C5B4172A7D089B00DB4EF9 /* Views */,
				26DFDCEE2A7C1D4D00725FAF /* ViewModels */,
			);
			path = Forecast;
			sourceTree = "<group>";
		};
		26DFDCE12A7BDC1500725FAF /* ViewControllers */ = {
			isa = PBXGroup;
			children = (
				26DFDCE22A7BDC3200725FAF /* ForecastViewController.swift */,
			);
			path = ViewControllers;
			sourceTree = "<group>";
		};
		26DFDCE42A7BDD2300725FAF /* Storyboards */ = {
			isa = PBXGroup;
			children = (
				26DFDCE52A7BDD4C00725FAF /* Forecast.storyboard */,
			);
			path = Storyboards;
			sourceTree = "<group>";
		};
		26DFDCE92A7C0F1B00725FAF /* Models */ = {
			isa = PBXGroup;
			children = (
				26DFDCEA2A7C0F2E00725FAF /* ForecastDataModel.swift */,
			);
			path = Models;
			sourceTree = "<group>";
		};
		26DFDCEE2A7C1D4D00725FAF /* ViewModels */ = {
			isa = PBXGroup;
			children = (
				26DFDCEF2A7C1D6400725FAF /* ForecastViewModel.swift */,
				26DFDCF12A7C41D700725FAF /* ForecastViewData.swift */,
			);
			path = ViewModels;
			sourceTree = "<group>";
		};
		26E3B0842A7D2EFB00B96F99 /* UICollectionViewCells */ = {
			isa = PBXGroup;
			children = (
				26C5B4182A7D08C300DB4EF9 /* ForecastTableViewCell.swift */,
				26C5B4192A7D08C300DB4EF9 /* ForecastTableViewCell.xib */,
			);
			path = UICollectionViewCells;
			sourceTree = "<group>";
		};
		26E3B0852A7D2F1900B96F99 /* UITableViewHeaderFooterView */ = {
			isa = PBXGroup;
			children = (
				26E3B0862A7D2F9A00B96F99 /* ForecastSectionHeaderView.swift */,
				26E3B0882A7D2FFF00B96F99 /* ForecastSectionHeaderView.xib */,
			);
			path = UITableViewHeaderFooterView;
			sourceTree = "<group>";
		};
		26E3B08A2A7D535500B96F99 /* Protocols */ = {
			isa = PBXGroup;
			children = (
				26E3B08B2A7D537200B96F99 /* ViewModel.swift */,
			);
			path = Protocols;
			sourceTree = "<group>";
		};
		26E3B08D2A7DDFC300B96F99 /* Extensions */ = {
			isa = PBXGroup;
			children = (
			);
			path = Extensions;
			sourceTree = "<group>";
		};
/* End PBXGroup section */

/* Begin PBXNativeTarget section */
		26C3F41C2A76E1510082F068 /* Forecast */ = {
			isa = PBXNativeTarget;
			buildConfigurationList = 26C3F42B2A76E1530082F068 /* Build configuration list for PBXNativeTarget "Forecast" */;
			buildPhases = (
				26C3F4192A76E1510082F068 /* Sources */,
				26C3F41A2A76E1510082F068 /* Frameworks */,
				26C3F41B2A76E1510082F068 /* Resources */,
			);
			buildRules = (
			);
			dependencies = (
			);
			name = Forecast;
			packageProductDependencies = (
				2639DF062A79B103000545BD /* Alamofire */,
				2639DF092A79B149000545BD /* XMLCoder */,
			);
			productName = Forecast;
			productReference = 26C3F41D2A76E1510082F068 /* Forecast.app */;
			productType = "com.apple.product-type.application";
		};
/* End PBXNativeTarget section */

/* Begin PBXProject section */
		26C3F4152A76E1510082F068 /* Project object */ = {
			isa = PBXProject;
			attributes = {
				BuildIndependentTargetsInParallel = 1;
				LastSwiftUpdateCheck = 1430;
				LastUpgradeCheck = 1430;
				TargetAttributes = {
					26C3F41C2A76E1510082F068 = {
						CreatedOnToolsVersion = 14.3.1;
					};
				};
			};
			buildConfigurationList = 26C3F4182A76E1510082F068 /* Build configuration list for PBXProject "Forecast" */;
			compatibilityVersion = "Xcode 14.0";
			developmentRegion = en;
			hasScannedForEncodings = 0;
			knownRegions = (
				en,
				Base,
			);
			mainGroup = 26C3F4142A76E1510082F068;
			packageReferences = (
				2639DF052A79B103000545BD /* XCRemoteSwiftPackageReference "Alamofire" */,
				2639DF082A79B149000545BD /* XCRemoteSwiftPackageReference "XMLCoder" */,
			);
			productRefGroup = 26C3F41E2A76E1510082F068 /* Products */;
			projectDirPath = "";
			projectRoot = "";
			targets = (
				26C3F41C2A76E1510082F068 /* Forecast */,
			);
		};
/* End PBXProject section */

/* Begin PBXResourcesBuildPhase section */
		26C3F41B2A76E1510082F068 /* Resources */ = {
			isa = PBXResourcesBuildPhase;
			buildActionMask = 2147483647;
			files = (
				26DFDCE62A7BDD4C00725FAF /* Forecast.storyboard in Resources */,
				26C3F4282A76E1530082F068 /* Preview Assets.xcassets in Resources */,
				26586B7D2A770C8B00853FFD /* Inter-Regular.otf in Resources */,
				26C3F4252A76E1530082F068 /* Images.xcassets in Resources */,
				26586B7E2A770C8B00853FFD /* Inter-Medium.otf in Resources */,
				26C5B41B2A7D08C300DB4EF9 /* ForecastTableViewCell.xib in Resources */,
				26586B7C2A770C8B00853FFD /* Inter-Bold.otf in Resources */,
				26586B7F2A770C8B00853FFD /* Inter-SemiBold.otf in Resources */,
				26E3B0892A7D2FFF00B96F99 /* ForecastSectionHeaderView.xib in Resources */,
			);
			runOnlyForDeploymentPostprocessing = 0;
		};
/* End PBXResourcesBuildPhase section */

/* Begin PBXSourcesBuildPhase section */
		26C3F4192A76E1510082F068 /* Sources */ = {
			isa = PBXSourcesBuildPhase;
			buildActionMask = 2147483647;
			files = (
				26586B832A771D4B00853FFD /* Constants.swift in Sources */,
				26C5B41E2A7D189A00DB4EF9 /* DateManager.swift in Sources */,
				26D658082A77E77400346A1F /* WeatherTodayContentViewFactory.swift in Sources */,
				26D658012A77CDB000346A1F /* MainView.swift in Sources */,
				26DFDCEB2A7C0F2E00725FAF /* ForecastDataModel.swift in Sources */,
				266DCA322A79BADB00118C05 /* PlistReader.swift in Sources */,
				26C3F4232A76E1510082F068 /* WeatherTodayContentView.swift in Sources */,
				26E3B0872A7D2F9A00B96F99 /* ForecastSectionHeaderView.swift in Sources */,
				26B51E0F2A7920C100835484 /* ReloadButton.swift in Sources */,
				2697F1A22A799EFD00B8B7FA /* WeatherTodayView.swift in Sources */,
				26C3F4352A76E79D0082F068 /* LocationService.swift in Sources */,
				26DFDCF02A7C1D6400725FAF /* ForecastViewModel.swift in Sources */,
				2697F19E2A799E0400B8B7FA /* WeatherTodayModel.swift in Sources */,
				26DFDCE32A7BDC3200725FAF /* ForecastViewController.swift in Sources */,
				26D658032A77E63400346A1F /* AppStateView.swift in Sources */,
				26C3F4212A76E1510082F068 /* ForecastApp.swift in Sources */,
				26DFDCE82A7BE0BD00725FAF /* ForecastViewControllerFactory.swift in Sources */,
				26B51E0A2A78F82500835484 /* ServiceError.swift in Sources */,
				26E4A2512A7AD43D00EFBA7C /* WeatherDetailView.swift in Sources */,
				26DFDCE02A7BDB9300725FAF /* ForecastView.swift in Sources */,
				26C3F43A2A76E89B0082F068 /* WeatherTodayViewModel.swift in Sources */,
				26D658062A77E73D00346A1F /* Factory.swift in Sources */,
				26E3B08C2A7D537200B96F99 /* ViewModel.swift in Sources */,
				266DCA2F2A79B3CB00118C05 /* WeatherTodayRequest.swift in Sources */,
				26E3B08F2A7DE0FE00B96F99 /* TabBarVisibilityModifier.swift in Sources */,
				26DFDCF22A7C41D700725FAF /* ForecastViewData.swift in Sources */,
				26B51E0D2A78F8F300835484 /* NetworkService.swift in Sources */,
				26E4A2552A7B840D00EFBA7C /* WeatherDetailContainerView.swift in Sources */,
				26B51E082A785F2B00835484 /* CornerRoundedButton.swift in Sources */,
				266DCA2D2A79B2D200118C05 /* Request.swift in Sources */,
				26C5B41A2A7D08C300DB4EF9 /* ForecastTableViewCell.swift in Sources */,
				26DFDCED2A7C1CE700725FAF /* ForecastRequest.swift in Sources */,
				266DCA342A7A7FD900118C05 /* WeatherTodayViewData.swift in Sources */,
			);
			runOnlyForDeploymentPostprocessing = 0;
		};
/* End PBXSourcesBuildPhase section */

/* Begin XCBuildConfiguration section */
		26C3F4292A76E1530082F068 /* Debug */ = {
			isa = XCBuildConfiguration;
			buildSettings = {
				ALWAYS_SEARCH_USER_PATHS = NO;
				CLANG_ANALYZER_NONNULL = YES;
				CLANG_ANALYZER_NUMBER_OBJECT_CONVERSION = YES_AGGRESSIVE;
				CLANG_CXX_LANGUAGE_STANDARD = "gnu++20";
				CLANG_ENABLE_MODULES = YES;
				CLANG_ENABLE_OBJC_ARC = YES;
				CLANG_ENABLE_OBJC_WEAK = YES;
				CLANG_WARN_BLOCK_CAPTURE_AUTORELEASING = YES;
				CLANG_WARN_BOOL_CONVERSION = YES;
				CLANG_WARN_COMMA = YES;
				CLANG_WARN_CONSTANT_CONVERSION = YES;
				CLANG_WARN_DEPRECATED_OBJC_IMPLEMENTATIONS = YES;
				CLANG_WARN_DIRECT_OBJC_ISA_USAGE = YES_ERROR;
				CLANG_WARN_DOCUMENTATION_COMMENTS = YES;
				CLANG_WARN_EMPTY_BODY = YES;
				CLANG_WARN_ENUM_CONVERSION = YES;
				CLANG_WARN_INFINITE_RECURSION = YES;
				CLANG_WARN_INT_CONVERSION = YES;
				CLANG_WARN_NON_LITERAL_NULL_CONVERSION = YES;
				CLANG_WARN_OBJC_IMPLICIT_RETAIN_SELF = YES;
				CLANG_WARN_OBJC_LITERAL_CONVERSION = YES;
				CLANG_WARN_OBJC_ROOT_CLASS = YES_ERROR;
				CLANG_WARN_QUOTED_INCLUDE_IN_FRAMEWORK_HEADER = YES;
				CLANG_WARN_RANGE_LOOP_ANALYSIS = YES;
				CLANG_WARN_STRICT_PROTOTYPES = YES;
				CLANG_WARN_SUSPICIOUS_MOVE = YES;
				CLANG_WARN_UNGUARDED_AVAILABILITY = YES_AGGRESSIVE;
				CLANG_WARN_UNREACHABLE_CODE = YES;
				CLANG_WARN__DUPLICATE_METHOD_MATCH = YES;
				COPY_PHASE_STRIP = NO;
				DEBUG_INFORMATION_FORMAT = dwarf;
				ENABLE_STRICT_OBJC_MSGSEND = YES;
				ENABLE_TESTABILITY = YES;
				GCC_C_LANGUAGE_STANDARD = gnu11;
				GCC_DYNAMIC_NO_PIC = NO;
				GCC_NO_COMMON_BLOCKS = YES;
				GCC_OPTIMIZATION_LEVEL = 0;
				GCC_PREPROCESSOR_DEFINITIONS = (
					"DEBUG=1",
					"$(inherited)",
				);
				GCC_WARN_64_TO_32_BIT_CONVERSION = YES;
				GCC_WARN_ABOUT_RETURN_TYPE = YES_ERROR;
				GCC_WARN_UNDECLARED_SELECTOR = YES;
				GCC_WARN_UNINITIALIZED_AUTOS = YES_AGGRESSIVE;
				GCC_WARN_UNUSED_FUNCTION = YES;
				GCC_WARN_UNUSED_VARIABLE = YES;
				IPHONEOS_DEPLOYMENT_TARGET = 16.4;
				MTL_ENABLE_DEBUG_INFO = INCLUDE_SOURCE;
				MTL_FAST_MATH = YES;
				ONLY_ACTIVE_ARCH = YES;
				SDKROOT = iphoneos;
				SWIFT_ACTIVE_COMPILATION_CONDITIONS = DEBUG;
				SWIFT_OPTIMIZATION_LEVEL = "-Onone";
			};
			name = Debug;
		};
		26C3F42A2A76E1530082F068 /* Release */ = {
			isa = XCBuildConfiguration;
			buildSettings = {
				ALWAYS_SEARCH_USER_PATHS = NO;
				CLANG_ANALYZER_NONNULL = YES;
				CLANG_ANALYZER_NUMBER_OBJECT_CONVERSION = YES_AGGRESSIVE;
				CLANG_CXX_LANGUAGE_STANDARD = "gnu++20";
				CLANG_ENABLE_MODULES = YES;
				CLANG_ENABLE_OBJC_ARC = YES;
				CLANG_ENABLE_OBJC_WEAK = YES;
				CLANG_WARN_BLOCK_CAPTURE_AUTORELEASING = YES;
				CLANG_WARN_BOOL_CONVERSION = YES;
				CLANG_WARN_COMMA = YES;
				CLANG_WARN_CONSTANT_CONVERSION = YES;
				CLANG_WARN_DEPRECATED_OBJC_IMPLEMENTATIONS = YES;
				CLANG_WARN_DIRECT_OBJC_ISA_USAGE = YES_ERROR;
				CLANG_WARN_DOCUMENTATION_COMMENTS = YES;
				CLANG_WARN_EMPTY_BODY = YES;
				CLANG_WARN_ENUM_CONVERSION = YES;
				CLANG_WARN_INFINITE_RECURSION = YES;
				CLANG_WARN_INT_CONVERSION = YES;
				CLANG_WARN_NON_LITERAL_NULL_CONVERSION = YES;
				CLANG_WARN_OBJC_IMPLICIT_RETAIN_SELF = YES;
				CLANG_WARN_OBJC_LITERAL_CONVERSION = YES;
				CLANG_WARN_OBJC_ROOT_CLASS = YES_ERROR;
				CLANG_WARN_QUOTED_INCLUDE_IN_FRAMEWORK_HEADER = YES;
				CLANG_WARN_RANGE_LOOP_ANALYSIS = YES;
				CLANG_WARN_STRICT_PROTOTYPES = YES;
				CLANG_WARN_SUSPICIOUS_MOVE = YES;
				CLANG_WARN_UNGUARDED_AVAILABILITY = YES_AGGRESSIVE;
				CLANG_WARN_UNREACHABLE_CODE = YES;
				CLANG_WARN__DUPLICATE_METHOD_MATCH = YES;
				COPY_PHASE_STRIP = NO;
				DEBUG_INFORMATION_FORMAT = "dwarf-with-dsym";
				ENABLE_NS_ASSERTIONS = NO;
				ENABLE_STRICT_OBJC_MSGSEND = YES;
				GCC_C_LANGUAGE_STANDARD = gnu11;
				GCC_NO_COMMON_BLOCKS = YES;
				GCC_WARN_64_TO_32_BIT_CONVERSION = YES;
				GCC_WARN_ABOUT_RETURN_TYPE = YES_ERROR;
				GCC_WARN_UNDECLARED_SELECTOR = YES;
				GCC_WARN_UNINITIALIZED_AUTOS = YES_AGGRESSIVE;
				GCC_WARN_UNUSED_FUNCTION = YES;
				GCC_WARN_UNUSED_VARIABLE = YES;
				IPHONEOS_DEPLOYMENT_TARGET = 16.4;
				MTL_ENABLE_DEBUG_INFO = NO;
				MTL_FAST_MATH = YES;
				SDKROOT = iphoneos;
				SWIFT_COMPILATION_MODE = wholemodule;
				SWIFT_OPTIMIZATION_LEVEL = "-O";
				VALIDATE_PRODUCT = YES;
			};
			name = Release;
		};
		26C3F42C2A76E1530082F068 /* Debug */ = {
			isa = XCBuildConfiguration;
			buildSettings = {
				ASSETCATALOG_COMPILER_APPICON_NAME = AppIcon;
				ASSETCATALOG_COMPILER_GLOBAL_ACCENT_COLOR_NAME = AccentColor;
				CODE_SIGN_STYLE = Automatic;
				CURRENT_PROJECT_VERSION = 1;
				DEVELOPMENT_ASSET_PATHS = "\"Forecast/Preview Content\"";
				DEVELOPMENT_TEAM = 5KXS5M32KB;
				ENABLE_PREVIEWS = YES;
				GENERATE_INFOPLIST_FILE = YES;
				INFOPLIST_FILE = Forecast/SupportingFiles/Info.plist;
				INFOPLIST_KEY_NSLocationWhenInUseUsageDescription = "Your location is used to show local weather.";
				INFOPLIST_KEY_UIApplicationSceneManifest_Generation = YES;
				INFOPLIST_KEY_UIApplicationSupportsIndirectInputEvents = YES;
				INFOPLIST_KEY_UILaunchScreen_Generation = YES;
				INFOPLIST_KEY_UISupportedInterfaceOrientations = UIInterfaceOrientationPortrait;
				INFOPLIST_KEY_UISupportedInterfaceOrientations_iPad = "UIInterfaceOrientationLandscapeLeft UIInterfaceOrientationLandscapeRight UIInterfaceOrientationPortrait UIInterfaceOrientationPortraitUpsideDown";
				IPHONEOS_DEPLOYMENT_TARGET = 15.0;
				LD_RUNPATH_SEARCH_PATHS = (
					"$(inherited)",
					"@executable_path/Frameworks",
				);
				MARKETING_VERSION = 1.0;
				PRODUCT_BUNDLE_IDENTIFIER = Hayrapetyan.Forecast;
				PRODUCT_NAME = "$(TARGET_NAME)";
				SWIFT_EMIT_LOC_STRINGS = YES;
				SWIFT_VERSION = 5.0;
				TARGETED_DEVICE_FAMILY = "1,2";
			};
			name = Debug;
		};
		26C3F42D2A76E1530082F068 /* Release */ = {
			isa = XCBuildConfiguration;
			buildSettings = {
				ASSETCATALOG_COMPILER_APPICON_NAME = AppIcon;
				ASSETCATALOG_COMPILER_GLOBAL_ACCENT_COLOR_NAME = AccentColor;
				CODE_SIGN_STYLE = Automatic;
				CURRENT_PROJECT_VERSION = 1;
				DEVELOPMENT_ASSET_PATHS = "\"Forecast/Preview Content\"";
				DEVELOPMENT_TEAM = 5KXS5M32KB;
				ENABLE_PREVIEWS = YES;
				GENERATE_INFOPLIST_FILE = YES;
				INFOPLIST_FILE = Forecast/SupportingFiles/Info.plist;
				INFOPLIST_KEY_NSLocationWhenInUseUsageDescription = "Your location is used to show local weather.";
				INFOPLIST_KEY_UIApplicationSceneManifest_Generation = YES;
				INFOPLIST_KEY_UIApplicationSupportsIndirectInputEvents = YES;
				INFOPLIST_KEY_UILaunchScreen_Generation = YES;
				INFOPLIST_KEY_UISupportedInterfaceOrientations = UIInterfaceOrientationPortrait;
				INFOPLIST_KEY_UISupportedInterfaceOrientations_iPad = "UIInterfaceOrientationLandscapeLeft UIInterfaceOrientationLandscapeRight UIInterfaceOrientationPortrait UIInterfaceOrientationPortraitUpsideDown";
				IPHONEOS_DEPLOYMENT_TARGET = 15.0;
				LD_RUNPATH_SEARCH_PATHS = (
					"$(inherited)",
					"@executable_path/Frameworks",
				);
				MARKETING_VERSION = 1.0;
				PRODUCT_BUNDLE_IDENTIFIER = Hayrapetyan.Forecast;
				PRODUCT_NAME = "$(TARGET_NAME)";
				SWIFT_EMIT_LOC_STRINGS = YES;
				SWIFT_VERSION = 5.0;
				TARGETED_DEVICE_FAMILY = "1,2";
			};
			name = Release;
		};
/* End XCBuildConfiguration section */

/* Begin XCConfigurationList section */
		26C3F4182A76E1510082F068 /* Build configuration list for PBXProject "Forecast" */ = {
			isa = XCConfigurationList;
			buildConfigurations = (
				26C3F4292A76E1530082F068 /* Debug */,
				26C3F42A2A76E1530082F068 /* Release */,
			);
			defaultConfigurationIsVisible = 0;
			defaultConfigurationName = Release;
		};
		26C3F42B2A76E1530082F068 /* Build configuration list for PBXNativeTarget "Forecast" */ = {
			isa = XCConfigurationList;
			buildConfigurations = (
				26C3F42C2A76E1530082F068 /* Debug */,
				26C3F42D2A76E1530082F068 /* Release */,
			);
			defaultConfigurationIsVisible = 0;
			defaultConfigurationName = Release;
		};
/* End XCConfigurationList section */

/* Begin XCRemoteSwiftPackageReference section */
		2639DF052A79B103000545BD /* XCRemoteSwiftPackageReference "Alamofire" */ = {
			isa = XCRemoteSwiftPackageReference;
			repositoryURL = "https://github.com/Alamofire/Alamofire.git";
			requirement = {
				kind = upToNextMajorVersion;
				minimumVersion = 5.0.0;
			};
		};
		2639DF082A79B149000545BD /* XCRemoteSwiftPackageReference "XMLCoder" */ = {
			isa = XCRemoteSwiftPackageReference;
			repositoryURL = "https://github.com/CoreOffice/XMLCoder.git";
			requirement = {
				kind = upToNextMajorVersion;
				minimumVersion = 0.17.1;
			};
		};
/* End XCRemoteSwiftPackageReference section */

/* Begin XCSwiftPackageProductDependency section */
		2639DF062A79B103000545BD /* Alamofire */ = {
			isa = XCSwiftPackageProductDependency;
			package = 2639DF052A79B103000545BD /* XCRemoteSwiftPackageReference "Alamofire" */;
			productName = Alamofire;
		};
		2639DF092A79B149000545BD /* XMLCoder */ = {
			isa = XCSwiftPackageProductDependency;
			package = 2639DF082A79B149000545BD /* XCRemoteSwiftPackageReference "XMLCoder" */;
			productName = XMLCoder;
		};
/* End XCSwiftPackageProductDependency section */
	};
	rootObject = 26C3F4152A76E1510082F068 /* Project object */;
}
